
Microsoft Visual Studio Solution File, Format Version 12.00
# Visual Studio Version 16
VisualStudioVersion = 16.0.30204.135
MinimumVisualStudioVersion = 10.0.40219.1
Project("{FAE04EC0-301F-11D3-BF4B-00C04F79EFBC}") = "CodingChallenge2", "CodingChallenge2\CodingChallenge2.csproj", "{80E3A119-1CA2-494D-BA70-5A859F78DEA8}"
EndProject
Global
	GlobalSection(SolutionConfigurationPlatforms) = preSolution
		Debug|Any CPU = Debug|Any CPU
		Release|Any CPU = Release|Any CPU
	EndGlobalSection
	GlobalSection(ProjectConfigurationPlatforms) = postSolution
		{80E3A119-1CA2-494D-BA70-5A859F78DEA8}.Debug|Any CPU.ActiveCfg = Debug|Any CPU
		{80E3A119-1CA2-494D-BA70-5A859F78DEA8}.Debug|Any CPU.Build.0 = Debug|Any CPU
		{80E3A119-1CA2-494D-BA70-5A859F78DEA8}.Release|Any CPU.ActiveCfg = Release|Any CPU
		{80E3A119-1CA2-494D-BA70-5A859F78DEA8}.Release|Any CPU.Build.0 = Release|Any CPU
	EndGlobalSection
	GlobalSection(SolutionProperties) = preSolution
		HideSolutionNode = FALSE
	EndGlobalSection
	GlobalSection(ExtensibilityGlobals) = postSolution
		SolutionGuid = {C45B9CA1-5224-4C04-9057-D70A336C8814}
	EndGlobalSection
EndGlobal
